// !$*UTF8*$!
{
	archiveVersion = 1;
	classes = {
	};
	objectVersion = 55;
	objects = {

/* Begin PBXBuildFile section */
		32F2A2AD7102B9CEFC327AC1 /* Pods_FoodApp.framework in Frameworks */ = {isa = PBXBuildFile; fileRef = 9C35D435B7A580C8AB3D7D72 /* Pods_FoodApp.framework */; };
		F5CA57E527EB3FCC0091F262 /* AppDelegate.swift in Sources */ = {isa = PBXBuildFile; fileRef = F5CA57E427EB3FCC0091F262 /* AppDelegate.swift */; };
		F5CA57EC27EB3FCD0091F262 /* Main.storyboard in Resources */ = {isa = PBXBuildFile; fileRef = F5CA57EA27EB3FCD0091F262 /* Main.storyboard */; };
		F5CA57EF27EB3FCD0091F262 /* FoodApp.xcdatamodeld in Sources */ = {isa = PBXBuildFile; fileRef = F5CA57ED27EB3FCD0091F262 /* FoodApp.xcdatamodeld */; };
		F5CA57F127EB3FCF0091F262 /* Assets.xcassets in Resources */ = {isa = PBXBuildFile; fileRef = F5CA57F027EB3FCF0091F262 /* Assets.xcassets */; };
		F5CA57F427EB3FCF0091F262 /* LaunchScreen.storyboard in Resources */ = {isa = PBXBuildFile; fileRef = F5CA57F227EB3FCF0091F262 /* LaunchScreen.storyboard */; };
		F5CA57FF27EB40240091F262 /* HomeVC.swift in Sources */ = {isa = PBXBuildFile; fileRef = F5CA57FE27EB40240091F262 /* HomeVC.swift */; };
		F5CA580127EB40370091F262 /* HomeView.swift in Sources */ = {isa = PBXBuildFile; fileRef = F5CA580027EB40370091F262 /* HomeView.swift */; };
		F5CA580327EB404A0091F262 /* HomeModel.swift in Sources */ = {isa = PBXBuildFile; fileRef = F5CA580227EB404A0091F262 /* HomeModel.swift */; };
		F5CA580B27EB4DE80091F262 /* UIKitExtension.swift in Sources */ = {isa = PBXBuildFile; fileRef = F5CA580A27EB4DE80091F262 /* UIKitExtension.swift */; };
		F5CA580F27EB4FAF0091F262 /* InternetConnection.swift in Sources */ = {isa = PBXBuildFile; fileRef = F5CA580E27EB4FAF0091F262 /* InternetConnection.swift */; };
		F5CA581927EB561B0091F262 /* SubCategoryCell.swift in Sources */ = {isa = PBXBuildFile; fileRef = F5CA581827EB561B0091F262 /* SubCategoryCell.swift */; };
		F5CA581B27EB57790091F262 /* APIHelper.swift in Sources */ = {isa = PBXBuildFile; fileRef = F5CA581A27EB57790091F262 /* APIHelper.swift */; };
/* End PBXBuildFile section */

/* Begin PBXFileReference section */
		008ADA1CC7A7A4B7911028CB /* Pods-FoodApp.release.xcconfig */ = {isa = PBXFileReference; includeInIndex = 1; lastKnownFileType = text.xcconfig; name = "Pods-FoodApp.release.xcconfig"; path = "Target Support Files/Pods-FoodApp/Pods-FoodApp.release.xcconfig"; sourceTree = "<group>"; };
		4054BA03DFADE8F5B32C9039 /* Pods-FoodApp.debug.xcconfig */ = {isa = PBXFileReference; includeInIndex = 1; lastKnownFileType = text.xcconfig; name = "Pods-FoodApp.debug.xcconfig"; path = "Target Support Files/Pods-FoodApp/Pods-FoodApp.debug.xcconfig"; sourceTree = "<group>"; };
		9C35D435B7A580C8AB3D7D72 /* Pods_FoodApp.framework */ = {isa = PBXFileReference; explicitFileType = wrapper.framework; includeInIndex = 0; path = Pods_FoodApp.framework; sourceTree = BUILT_PRODUCTS_DIR; };
		F5CA57E127EB3FCC0091F262 /* FoodApp.app */ = {isa = PBXFileReference; explicitFileType = wrapper.application; includeInIndex = 0; path = FoodApp.app; sourceTree = BUILT_PRODUCTS_DIR; };
		F5CA57E427EB3FCC0091F262 /* AppDelegate.swift */ = {isa = PBXFileReference; lastKnownFileType = sourcecode.swift; path = AppDelegate.swift; sourceTree = "<group>"; };
		F5CA57EB27EB3FCD0091F262 /* Base */ = {isa = PBXFileReference; lastKnownFileType = file.storyboard; name = Base; path = Base.lproj/Main.storyboard; sourceTree = "<group>"; };
		F5CA57EE27EB3FCD0091F262 /* FoodApp.xcdatamodel */ = {isa = PBXFileReference; lastKnownFileType = wrapper.xcdatamodel; path = FoodApp.xcdatamodel; sourceTree = "<group>"; };
		F5CA57F027EB3FCF0091F262 /* Assets.xcassets */ = {isa = PBXFileReference; lastKnownFileType = folder.assetcatalog; path = Assets.xcassets; sourceTree = "<group>"; };
		F5CA57F327EB3FCF0091F262 /* Base */ = {isa = PBXFileReference; lastKnownFileType = file.storyboard; name = Base; path = Base.lproj/LaunchScreen.storyboard; sourceTree = "<group>"; };
		F5CA57F527EB3FCF0091F262 /* Info.plist */ = {isa = PBXFileReference; lastKnownFileType = text.plist.xml; path = Info.plist; sourceTree = "<group>"; };
		F5CA57FE27EB40240091F262 /* HomeVC.swift */ = {isa = PBXFileReference; lastKnownFileType = sourcecode.swift; path = HomeVC.swift; sourceTree = "<group>"; };
		F5CA580027EB40370091F262 /* HomeView.swift */ = {isa = PBXFileReference; lastKnownFileType = sourcecode.swift; path = HomeView.swift; sourceTree = "<group>"; };
		F5CA580227EB404A0091F262 /* HomeModel.swift */ = {isa = PBXFileReference; lastKnownFileType = sourcecode.swift; path = HomeModel.swift; sourceTree = "<group>"; };
		F5CA580A27EB4DE80091F262 /* UIKitExtension.swift */ = {isa = PBXFileReference; lastKnownFileType = sourcecode.swift; path = UIKitExtension.swift; sourceTree = "<group>"; };
		F5CA580E27EB4FAF0091F262 /* InternetConnection.swift */ = {isa = PBXFileReference; lastKnownFileType = sourcecode.swift; path = InternetConnection.swift; sourceTree = "<group>"; };
		F5CA581827EB561B0091F262 /* SubCategoryCell.swift */ = {isa = PBXFileReference; lastKnownFileType = sourcecode.swift; path = SubCategoryCell.swift; sourceTree = "<group>"; };
		F5CA581A27EB57790091F262 /* APIHelper.swift */ = {isa = PBXFileReference; lastKnownFileType = sourcecode.swift; path = APIHelper.swift; sourceTree = "<group>"; };
/* End PBXFileReference section */

/* Begin PBXFrameworksBuildPhase section */
		F5CA57DE27EB3FCC0091F262 /* Frameworks */ = {
			isa = PBXFrameworksBuildPhase;
			buildActionMask = 2147483647;
			files = (
				32F2A2AD7102B9CEFC327AC1 /* Pods_FoodApp.framework in Frameworks */,
			);
			runOnlyForDeploymentPostprocessing = 0;
		};
/* End PBXFrameworksBuildPhase section */

/* Begin PBXGroup section */
		D96880C5A6E5A7101D723DF7 /* Frameworks */ = {
			isa = PBXGroup;
			children = (
				9C35D435B7A580C8AB3D7D72 /* Pods_FoodApp.framework */,
			);
			name = Frameworks;
			sourceTree = "<group>";
		};
		E78D4430046F4B147AD43733 /* Pods */ = {
			isa = PBXGroup;
			children = (
				4054BA03DFADE8F5B32C9039 /* Pods-FoodApp.debug.xcconfig */,
				008ADA1CC7A7A4B7911028CB /* Pods-FoodApp.release.xcconfig */,
			);
			path = Pods;
			sourceTree = "<group>";
		};
		F5CA57D827EB3FCC0091F262 = {
			isa = PBXGroup;
			children = (
				F5CA57E327EB3FCC0091F262 /* FoodApp */,
				F5CA57E227EB3FCC0091F262 /* Products */,
				E78D4430046F4B147AD43733 /* Pods */,
				D96880C5A6E5A7101D723DF7 /* Frameworks */,
			);
			sourceTree = "<group>";
		};
		F5CA57E227EB3FCC0091F262 /* Products */ = {
			isa = PBXGroup;
			children = (
				F5CA57E127EB3FCC0091F262 /* FoodApp.app */,
			);
			name = Products;
			sourceTree = "<group>";
		};
		F5CA57E327EB3FCC0091F262 /* FoodApp */ = {
			isa = PBXGroup;
			children = (
				F5CA57E427EB3FCC0091F262 /* AppDelegate.swift */,
				F5CA580827EB4DC40091F262 /* Helper */,
				F5CA57FD27EB40020091F262 /* Controller */,
				F5CA57FC27EB3FF90091F262 /* View */,
				F5CA57FB27EB3FF40091F262 /* Model */,
				F5CA57EA27EB3FCD0091F262 /* Main.storyboard */,
				F5CA57F027EB3FCF0091F262 /* Assets.xcassets */,
				F5CA57F227EB3FCF0091F262 /* LaunchScreen.storyboard */,
				F5CA57F527EB3FCF0091F262 /* Info.plist */,
				F5CA57ED27EB3FCD0091F262 /* FoodApp.xcdatamodeld */,
			);
			path = FoodApp;
			sourceTree = "<group>";
		};
		F5CA57FB27EB3FF40091F262 /* Model */ = {
			isa = PBXGroup;
			children = (
				F5CA581C27EB60880091F262 /* HomeModel */,
			);
			path = Model;
			sourceTree = "<group>";
		};
		F5CA57FC27EB3FF90091F262 /* View */ = {
			isa = PBXGroup;
			children = (
				F5CA581027EB50840091F262 /* HomeViewSetup */,
			);
			path = View;
			sourceTree = "<group>";
		};
		F5CA57FD27EB40020091F262 /* Controller */ = {
			isa = PBXGroup;
			children = (
				F5CA580427EB48120091F262 /* HomeController */,
			);
			path = Controller;
			sourceTree = "<group>";
		};
		F5CA580427EB48120091F262 /* HomeController */ = {
			isa = PBXGroup;
			children = (
				F5CA57FE27EB40240091F262 /* HomeVC.swift */,
			);
			path = HomeController;
			sourceTree = "<group>";
		};
		F5CA580827EB4DC40091F262 /* Helper */ = {
			isa = PBXGroup;
			children = (
				F5CA580C27EB4E0D0091F262 /* APIHelper */,
				F5CA580D27EB4F920091F262 /* InternetConnection */,
				F5CA580927EB4DD20091F262 /* UIKitExtension */,
			);
			path = Helper;
			sourceTree = "<group>";
		};
		F5CA580927EB4DD20091F262 /* UIKitExtension */ = {
			isa = PBXGroup;
			children = (
				F5CA580A27EB4DE80091F262 /* UIKitExtension.swift */,
			);
			path = UIKitExtension;
			sourceTree = "<group>";
		};
		F5CA580C27EB4E0D0091F262 /* APIHelper */ = {
			isa = PBXGroup;
			children = (
				F5CA581A27EB57790091F262 /* APIHelper.swift */,
			);
			path = APIHelper;
			sourceTree = "<group>";
		};
		F5CA580D27EB4F920091F262 /* InternetConnection */ = {
			isa = PBXGroup;
			children = (
				F5CA580E27EB4FAF0091F262 /* InternetConnection.swift */,
			);
			path = InternetConnection;
			sourceTree = "<group>";
		};
		F5CA581027EB50840091F262 /* HomeViewSetup */ = {
			isa = PBXGroup;
			children = (
				F5CA581727EB55F60091F262 /* HomeCollectionViewCell */,
				F5CA581127EB50940091F262 /* HomeView */,
			);
			path = HomeViewSetup;
			sourceTree = "<group>";
		};
		F5CA581127EB50940091F262 /* HomeView */ = {
			isa = PBXGroup;
			children = (
				F5CA580027EB40370091F262 /* HomeView.swift */,
			);
			path = HomeView;
			sourceTree = "<group>";
		};
		F5CA581727EB55F60091F262 /* HomeCollectionViewCell */ = {
			isa = PBXGroup;
			children = (
				F5CA581827EB561B0091F262 /* SubCategoryCell.swift */,
			);
			path = HomeCollectionViewCell;
			sourceTree = "<group>";
		};
		F5CA581C27EB60880091F262 /* HomeModel */ = {
			isa = PBXGroup;
			children = (
				F5CA580227EB404A0091F262 /* HomeModel.swift */,
			);
			path = HomeModel;
			sourceTree = "<group>";
		};
/* End PBXGroup section */

/* Begin PBXNativeTarget section */
		F5CA57E027EB3FCC0091F262 /* FoodApp */ = {
			isa = PBXNativeTarget;
			buildConfigurationList = F5CA57F827EB3FCF0091F262 /* Build configuration list for PBXNativeTarget "FoodApp" */;
			buildPhases = (
				F977C702152E47AA43D77FF2 /* [CP] Check Pods Manifest.lock */,
				F5CA57DD27EB3FCC0091F262 /* Sources */,
				F5CA57DE27EB3FCC0091F262 /* Frameworks */,
				F5CA57DF27EB3FCC0091F262 /* Resources */,
				F624725AA04131E655169AA3 /* [CP] Embed Pods Frameworks */,
			);
			buildRules = (
			);
			dependencies = (
			);
			name = FoodApp;
			productName = FoodApp;
			productReference = F5CA57E127EB3FCC0091F262 /* FoodApp.app */;
			productType = "com.apple.product-type.application";
		};
/* End PBXNativeTarget section */

/* Begin PBXProject section */
		F5CA57D927EB3FCC0091F262 /* Project object */ = {
			isa = PBXProject;
			attributes = {
				BuildIndependentTargetsInParallel = 1;
				LastSwiftUpdateCheck = 1310;
				LastUpgradeCheck = 1310;
				TargetAttributes = {
					F5CA57E027EB3FCC0091F262 = {
						CreatedOnToolsVersion = 13.1;
					};
				};
			};
			buildConfigurationList = F5CA57DC27EB3FCC0091F262 /* Build configuration list for PBXProject "FoodApp" */;
			compatibilityVersion = "Xcode 13.0";
			developmentRegion = en;
			hasScannedForEncodings = 0;
			knownRegions = (
				en,
				Base,
			);
			mainGroup = F5CA57D827EB3FCC0091F262;
			productRefGroup = F5CA57E227EB3FCC0091F262 /* Products */;
			projectDirPath = "";
			projectRoot = "";
			targets = (
				F5CA57E027EB3FCC0091F262 /* FoodApp */,
			);
		};
/* End PBXProject section */

/* Begin PBXResourcesBuildPhase section */
		F5CA57DF27EB3FCC0091F262 /* Resources */ = {
			isa = PBXResourcesBuildPhase;
			buildActionMask = 2147483647;
			files = (
				F5CA57F427EB3FCF0091F262 /* LaunchScreen.storyboard in Resources */,
				F5CA57F127EB3FCF0091F262 /* Assets.xcassets in Resources */,
				F5CA57EC27EB3FCD0091F262 /* Main.storyboard in Resources */,
			);
			runOnlyForDeploymentPostprocessing = 0;
		};
/* End PBXResourcesBuildPhase section */

/* Begin PBXShellScriptBuildPhase section */
		F624725AA04131E655169AA3 /* [CP] Embed Pods Frameworks */ = {
			isa = PBXShellScriptBuildPhase;
			buildActionMask = 2147483647;
			files = (
			);
			inputFileListPaths = (
				"${PODS_ROOT}/Target Support Files/Pods-FoodApp/Pods-FoodApp-frameworks-${CONFIGURATION}-input-files.xcfilelist",
			);
			name = "[CP] Embed Pods Frameworks";
			outputFileListPaths = (
				"${PODS_ROOT}/Target Support Files/Pods-FoodApp/Pods-FoodApp-frameworks-${CONFIGURATION}-output-files.xcfilelist",
			);
			runOnlyForDeploymentPostprocessing = 0;
			shellPath = /bin/sh;
			shellScript = "\"${PODS_ROOT}/Target Support Files/Pods-FoodApp/Pods-FoodApp-frameworks.sh\"\n";
			showEnvVarsInLog = 0;
		};
		F977C702152E47AA43D77FF2 /* [CP] Check Pods Manifest.lock */ = {
			isa = PBXShellScriptBuildPhase;
			buildActionMask = 2147483647;
			files = (
			);
			inputFileListPaths = (
			);
			inputPaths = (
				"${PODS_PODFILE_DIR_PATH}/Podfile.lock",
				"${PODS_ROOT}/Manifest.lock",
			);
			name = "[CP] Check Pods Manifest.lock";
			outputFileListPaths = (
			);
			outputPaths = (
				"$(DERIVED_FILE_DIR)/Pods-FoodApp-checkManifestLockResult.txt",
			);
			runOnlyForDeploymentPostprocessing = 0;
			shellPath = /bin/sh;
			shellScript = "diff \"${PODS_PODFILE_DIR_PATH}/Podfile.lock\" \"${PODS_ROOT}/Manifest.lock\" > /dev/null\nif [ $? != 0 ] ; then\n    # print error to STDERR\n    echo \"error: The sandbox is not in sync with the Podfile.lock. Run 'pod install' or update your CocoaPods installation.\" >&2\n    exit 1\nfi\n# This output is used by Xcode 'outputs' to avoid re-running this script phase.\necho \"SUCCESS\" > \"${SCRIPT_OUTPUT_FILE_0}\"\n";
			showEnvVarsInLog = 0;
		};
/* End PBXShellScriptBuildPhase section */

/* Begin PBXSourcesBuildPhase section */
		F5CA57DD27EB3FCC0091F262 /* Sources */ = {
			isa = PBXSourcesBuildPhase;
			buildActionMask = 2147483647;
			files = (
				F5CA57FF27EB40240091F262 /* HomeVC.swift in Sources */,
				F5CA580127EB40370091F262 /* HomeView.swift in Sources */,
				F5CA57EF27EB3FCD0091F262 /* FoodApp.xcdatamodeld in Sources */,
				F5CA580F27EB4FAF0091F262 /* InternetConnection.swift in Sources */,
				F5CA580B27EB4DE80091F262 /* UIKitExtension.swift in Sources */,
				F5CA580327EB404A0091F262 /* HomeModel.swift in Sources */,
				F5CA581927EB561B0091F262 /* SubCategoryCell.swift in Sources */,
				F5CA581B27EB57790091F262 /* APIHelper.swift in Sources */,
				F5CA57E527EB3FCC0091F262 /* AppDelegate.swift in Sources */,
			);
			runOnlyForDeploymentPostprocessing = 0;
		};
/* End PBXSourcesBuildPhase section */

/* Begin PBXVariantGroup section */
		F5CA57EA27EB3FCD0091F262 /* Main.storyboard */ = {
			isa = PBXVariantGroup;
			children = (
				F5CA57EB27EB3FCD0091F262 /* Base */,
			);
			name = Main.storyboard;
			sourceTree = "<group>";
		};
		F5CA57F227EB3FCF0091F262 /* LaunchScreen.storyboard */ = {
			isa = PBXVariantGroup;
			children = (
				F5CA57F327EB3FCF0091F262 /* Base */,
			);
			name = LaunchScreen.storyboard;
			sourceTree = "<group>";
		};
/* End PBXVariantGroup section */

/* Begin XCBuildConfiguration section */
		F5CA57F627EB3FCF0091F262 /* Debug */ = {
			isa = XCBuildConfiguration;
			buildSettings = {
				ALWAYS_SEARCH_USER_PATHS = NO;
				CLANG_ANALYZER_NONNULL = YES;
				CLANG_ANALYZER_NUMBER_OBJECT_CONVERSION = YES_AGGRESSIVE;
				CLANG_CXX_LANGUAGE_STANDARD = "gnu++17";
				CLANG_CXX_LIBRARY = "libc++";
				CLANG_ENABLE_MODULES = YES;
				CLANG_ENABLE_OBJC_ARC = YES;
				CLANG_ENABLE_OBJC_WEAK = YES;
				CLANG_WARN_BLOCK_CAPTURE_AUTORELEASING = YES;
				CLANG_WARN_BOOL_CONVERSION = YES;
				CLANG_WARN_COMMA = YES;
				CLANG_WARN_CONSTANT_CONVERSION = YES;
				CLANG_WARN_DEPRECATED_OBJC_IMPLEMENTATIONS = YES;
				CLANG_WARN_DIRECT_OBJC_ISA_USAGE = YES_ERROR;
				CLANG_WARN_DOCUMENTATION_COMMENTS = YES;
				CLANG_WARN_EMPTY_BODY = YES;
				CLANG_WARN_ENUM_CONVERSION = YES;
				CLANG_WARN_INFINITE_RECURSION = YES;
				CLANG_WARN_INT_CONVERSION = YES;
				CLANG_WARN_NON_LITERAL_NULL_CONVERSION = YES;
				CLANG_WARN_OBJC_IMPLICIT_RETAIN_SELF = YES;
				CLANG_WARN_OBJC_LITERAL_CONVERSION = YES;
				CLANG_WARN_OBJC_ROOT_CLASS = YES_ERROR;
				CLANG_WARN_QUOTED_INCLUDE_IN_FRAMEWORK_HEADER = YES;
				CLANG_WARN_RANGE_LOOP_ANALYSIS = YES;
				CLANG_WARN_STRICT_PROTOTYPES = YES;
				CLANG_WARN_SUSPICIOUS_MOVE = YES;
				CLANG_WARN_UNGUARDED_AVAILABILITY = YES_AGGRESSIVE;
				CLANG_WARN_UNREACHABLE_CODE = YES;
				CLANG_WARN__DUPLICATE_METHOD_MATCH = YES;
				COPY_PHASE_STRIP = NO;
				DEBUG_INFORMATION_FORMAT = dwarf;
				ENABLE_STRICT_OBJC_MSGSEND = YES;
				ENABLE_TESTABILITY = YES;
				GCC_C_LANGUAGE_STANDARD = gnu11;
				GCC_DYNAMIC_NO_PIC = NO;
				GCC_NO_COMMON_BLOCKS = YES;
				GCC_OPTIMIZATION_LEVEL = 0;
				GCC_PREPROCESSOR_DEFINITIONS = (
					"DEBUG=1",
					"$(inherited)",
				);
				GCC_WARN_64_TO_32_BIT_CONVERSION = YES;
				GCC_WARN_ABOUT_RETURN_TYPE = YES_ERROR;
				GCC_WARN_UNDECLARED_SELECTOR = YES;
				GCC_WARN_UNINITIALIZED_AUTOS = YES_AGGRESSIVE;
				GCC_WARN_UNUSED_FUNCTION = YES;
				GCC_WARN_UNUSED_VARIABLE = YES;
				IPHONEOS_DEPLOYMENT_TARGET = 15.0;
				MTL_ENABLE_DEBUG_INFO = INCLUDE_SOURCE;
				MTL_FAST_MATH = YES;
				ONLY_ACTIVE_ARCH = YES;
				SDKROOT = iphoneos;
				SWIFT_ACTIVE_COMPILATION_CONDITIONS = DEBUG;
				SWIFT_OPTIMIZATION_LEVEL = "-Onone";
			};
			name = Debug;
		};
		F5CA57F727EB3FCF0091F262 /* Release */ = {
			isa = XCBuildConfiguration;
			buildSettings = {
				ALWAYS_SEARCH_USER_PATHS = NO;
				CLANG_ANALYZER_NONNULL = YES;
				CLANG_ANALYZER_NUMBER_OBJECT_CONVERSION = YES_AGGRESSIVE;
				CLANG_CXX_LANGUAGE_STANDARD = "gnu++17";
				CLANG_CXX_LIBRARY = "libc++";
				CLANG_ENABLE_MODULES = YES;
				CLANG_ENABLE_OBJC_ARC = YES;
				CLANG_ENABLE_OBJC_WEAK = YES;
				CLANG_WARN_BLOCK_CAPTURE_AUTORELEASING = YES;
				CLANG_WARN_BOOL_CONVERSION = YES;
				CLANG_WARN_COMMA = YES;
				CLANG_WARN_CONSTANT_CONVERSION = YES;
				CLANG_WARN_DEPRECATED_OBJC_IMPLEMENTATIONS = YES;
				CLANG_WARN_DIRECT_OBJC_ISA_USAGE = YES_ERROR;
				CLANG_WARN_DOCUMENTATION_COMMENTS = YES;
				CLANG_WARN_EMPTY_BODY = YES;
				CLANG_WARN_ENUM_CONVERSION = YES;
				CLANG_WARN_INFINITE_RECURSION = YES;
				CLANG_WARN_INT_CONVERSION = YES;
				CLANG_WARN_NON_LITERAL_NULL_CONVERSION = YES;
				CLANG_WARN_OBJC_IMPLICIT_RETAIN_SELF = YES;
				CLANG_WARN_OBJC_LITERAL_CONVERSION = YES;
				CLANG_WARN_OBJC_ROOT_CLASS = YES_ERROR;
				CLANG_WARN_QUOTED_INCLUDE_IN_FRAMEWORK_HEADER = YES;
				CLANG_WARN_RANGE_LOOP_ANALYSIS = YES;
				CLANG_WARN_STRICT_PROTOTYPES = YES;
				CLANG_WARN_SUSPICIOUS_MOVE = YES;
				CLANG_WARN_UNGUARDED_AVAILABILITY = YES_AGGRESSIVE;
				CLANG_WARN_UNREACHABLE_CODE = YES;
				CLANG_WARN__DUPLICATE_METHOD_MATCH = YES;
				COPY_PHASE_STRIP = NO;
				DEBUG_INFORMATION_FORMAT = "dwarf-with-dsym";
				ENABLE_NS_ASSERTIONS = NO;
				ENABLE_STRICT_OBJC_MSGSEND = YES;
				GCC_C_LANGUAGE_STANDARD = gnu11;
				GCC_NO_COMMON_BLOCKS = YES;
				GCC_WARN_64_TO_32_BIT_CONVERSION = YES;
				GCC_WARN_ABOUT_RETURN_TYPE = YES_ERROR;
				GCC_WARN_UNDECLARED_SELECTOR = YES;
				GCC_WARN_UNINITIALIZED_AUTOS = YES_AGGRESSIVE;
				GCC_WARN_UNUSED_FUNCTION = YES;
				GCC_WARN_UNUSED_VARIABLE = YES;
				IPHONEOS_DEPLOYMENT_TARGET = 15.0;
				MTL_ENABLE_DEBUG_INFO = NO;
				MTL_FAST_MATH = YES;
				SDKROOT = iphoneos;
				SWIFT_COMPILATION_MODE = wholemodule;
				SWIFT_OPTIMIZATION_LEVEL = "-O";
				VALIDATE_PRODUCT = YES;
			};
			name = Release;
		};
		F5CA57F927EB3FCF0091F262 /* Debug */ = {
			isa = XCBuildConfiguration;
			baseConfigurationReference = 4054BA03DFADE8F5B32C9039 /* Pods-FoodApp.debug.xcconfig */;
			buildSettings = {
				ASSETCATALOG_COMPILER_APPICON_NAME = AppIcon;
				ASSETCATALOG_COMPILER_GLOBAL_ACCENT_COLOR_NAME = AccentColor;
				CODE_SIGN_STYLE = Automatic;
				CURRENT_PROJECT_VERSION = 1;
				DEVELOPMENT_TEAM = SFS426H3UG;
				GENERATE_INFOPLIST_FILE = YES;
				INFOPLIST_FILE = FoodApp/Info.plist;
				INFOPLIST_KEY_UIApplicationSupportsIndirectInputEvents = YES;
				INFOPLIST_KEY_UILaunchStoryboardName = LaunchScreen;
				INFOPLIST_KEY_UIMainStoryboardFile = Main;
				INFOPLIST_KEY_UISupportedInterfaceOrientations_iPad = "UIInterfaceOrientationPortrait UIInterfaceOrientationPortraitUpsideDown UIInterfaceOrientationLandscapeLeft UIInterfaceOrientationLandscapeRight";
				INFOPLIST_KEY_UISupportedInterfaceOrientations_iPhone = "UIInterfaceOrientationPortrait UIInterfaceOrientationLandscapeLeft UIInterfaceOrientationLandscapeRight";
				IPHONEOS_DEPLOYMENT_TARGET = 13.0;
				LD_RUNPATH_SEARCH_PATHS = (
					"$(inherited)",
					"@executable_path/Frameworks",
				);
				MARKETING_VERSION = 1.0;
				PRODUCT_BUNDLE_IDENTIFIER = com.FoodApp;
				PRODUCT_NAME = "$(TARGET_NAME)";
				SWIFT_EMIT_LOC_STRINGS = YES;
				SWIFT_VERSION = 5.0;
				TARGETED_DEVICE_FAMILY = "1,2";
			};
			name = Debug;
		};
		F5CA57FA27EB3FCF0091F262 /* Release */ = {
			isa = XCBuildConfiguration;
			baseConfigurationReference = 008ADA1CC7A7A4B7911028CB /* Pods-FoodApp.release.xcconfig */;
			buildSettings = {
				ASSETCATALOG_COMPILER_APPICON_NAME = AppIcon;
				ASSETCATALOG_COMPILER_GLOBAL_ACCENT_COLOR_NAME = AccentColor;
				CODE_SIGN_STYLE = Automatic;
				CURRENT_PROJECT_VERSION = 1;
				DEVELOPMENT_TEAM = SFS426H3UG;
				GENERATE_INFOPLIST_FILE = YES;
				INFOPLIST_FILE = FoodApp/Info.plist;
				INFOPLIST_KEY_UIApplicationSupportsIndirectInputEvents = YES;
				INFOPLIST_KEY_UILaunchStoryboardName = LaunchScreen;
				INFOPLIST_KEY_UIMainStoryboardFile = Main;
				INFOPLIST_KEY_UISupportedInterfaceOrientations_iPad = "UIInterfaceOrientationPortrait UIInterfaceOrientationPortraitUpsideDown UIInterfaceOrientationLandscapeLeft UIInterfaceOrientationLandscapeRight";
				INFOPLIST_KEY_UISupportedInterfaceOrientations_iPhone = "UIInterfaceOrientationPortrait UIInterfaceOrientationLandscapeLeft UIInterfaceOrientationLandscapeRight";
				IPHONEOS_DEPLOYMENT_TARGET = 13.0;
				LD_RUNPATH_SEARCH_PATHS = (
					"$(inherited)",
					"@executable_path/Frameworks",
				);
				MARKETING_VERSION = 1.0;
				PRODUCT_BUNDLE_IDENTIFIER = com.FoodApp;
				PRODUCT_NAME = "$(TARGET_NAME)";
				SWIFT_EMIT_LOC_STRINGS = YES;
				SWIFT_VERSION = 5.0;
				TARGETED_DEVICE_FAMILY = "1,2";
			};
			name = Release;
		};
/* End XCBuildConfiguration section */

/* Begin XCConfigurationList section */
		F5CA57DC27EB3FCC0091F262 /* Build configuration list for PBXProject "FoodApp" */ = {
			isa = XCConfigurationList;
			buildConfigurations = (
				F5CA57F627EB3FCF0091F262 /* Debug */,
				F5CA57F727EB3FCF0091F262 /* Release */,
			);
			defaultConfigurationIsVisible = 0;
			defaultConfigurationName = Release;
		};
		F5CA57F827EB3FCF0091F262 /* Build configuration list for PBXNativeTarget "FoodApp" */ = {
			isa = XCConfigurationList;
			buildConfigurations = (
				F5CA57F927EB3FCF0091F262 /* Debug */,
				F5CA57FA27EB3FCF0091F262 /* Release */,
			);
			defaultConfigurationIsVisible = 0;
			defaultConfigurationName = Release;
		};
/* End XCConfigurationList section */

/* Begin XCVersionGroup section */
		F5CA57ED27EB3FCD0091F262 /* FoodApp.xcdatamodeld */ = {
			isa = XCVersionGroup;
			children = (
				F5CA57EE27EB3FCD0091F262 /* FoodApp.xcdatamodel */,
			);
			currentVersion = F5CA57EE27EB3FCD0091F262 /* FoodApp.xcdatamodel */;
			path = FoodApp.xcdatamodeld;
			sourceTree = "<group>";
			versionGroupType = wrapper.xcdatamodel;
		};
/* End XCVersionGroup section */
	};
	rootObject = F5CA57D927EB3FCC0091F262 /* Project object */;
}
